PODS:
  - RxCocoa (3.1.0):
    - RxSwift (~> 3.1)
  - RxSwift (3.2.0)
  - YSRangeSlider/Core (3.1.0)
  - YSRangeSlider/RxSwift (3.1.0):
    - RxCocoa
    - YSRangeSlider/Core

DEPENDENCIES:
  - YSRangeSlider/RxSwift (from `../`)

EXTERNAL SOURCES:
  YSRangeSlider:
    :path: ../

SPEC CHECKSUMS:
  RxCocoa: 50d7564866da9299161e86a263ce12a0873904d8
  RxSwift: 46574f70d416b7923c237195939cc488a7fbf3a0
  YSRangeSlider: 13e34088d1184a22b8c6a7cfd08e24cc1a54e0c6

PODFILE CHECKSUM: fd16d7f03fcd4ce593527d794dc4a8f665478ab7

COCOAPODS: 1.1.1
